
Microsoft Visual Studio Solution File, Format Version 12.00
# Visual Studio Version 16
VisualStudioVersion = 16.0.31402.337
MinimumVisualStudioVersion = 10.0.40219.1
Project("{FAE04EC0-301F-11D3-BF4B-00C04F79EFBC}") = "T19_EJERCICIO1", "T19_EJERCICIO1.csproj", "{8C87109F-F46A-4300-8AF3-BEA451BF139C}"
EndProject
Global
	GlobalSection(SolutionConfigurationPlatforms) = preSolution
		Debug|Any CPU = Debug|Any CPU
		Release|Any CPU = Release|Any CPU
	EndGlobalSection
	GlobalSection(ProjectConfigurationPlatforms) = postSolution
		{8C87109F-F46A-4300-8AF3-BEA451BF139C}.Debug|Any CPU.ActiveCfg = Debug|Any CPU
		{8C87109F-F46A-4300-8AF3-BEA451BF139C}.Debug|Any CPU.Build.0 = Debug|Any CPU
		{8C87109F-F46A-4300-8AF3-BEA451BF139C}.Release|Any CPU.ActiveCfg = Release|Any CPU
		{8C87109F-F46A-4300-8AF3-BEA451BF139C}.Release|Any CPU.Build.0 = Release|Any CPU
	EndGlobalSection
	GlobalSection(SolutionProperties) = preSolution
		HideSolutionNode = FALSE
	EndGlobalSection
	GlobalSection(ExtensibilityGlobals) = postSolution
		SolutionGuid = {B2EC7AD3-E1B5-48A7-8F0D-63BCD67994C4}
	EndGlobalSection
EndGlobal
